
Microsoft Visual Studio Solution File, Format Version 12.00
# Visual Studio Version 16
VisualStudioVersion = 16.0.31229.75
MinimumVisualStudioVersion = 10.0.40219.1
Project("{9A19103F-16F7-4668-BE54-9A1E7A4F7556}") = "mulplay-shared-storage", "mulplay-shared-storage\mulplay-shared-storage.csproj", "{2B24962C-7F2D-4570-BBD4-0297DC399A4C}"
EndProject
Global
	GlobalSection(SolutionConfigurationPlatforms) = preSolution
		Debug|Any CPU = Debug|Any CPU
		Release|Any CPU = Release|Any CPU
	EndGlobalSection
	GlobalSection(ProjectConfigurationPlatforms) = postSolution
		{2B24962C-7F2D-4570-BBD4-0297DC399A4C}.Debug|Any CPU.ActiveCfg = Debug|Any CPU
		{2B24962C-7F2D-4570-BBD4-0297DC399A4C}.Debug|Any CPU.Build.0 = Debug|Any CPU
		{2B24962C-7F2D-4570-BBD4-0297DC399A4C}.Release|Any CPU.ActiveCfg = Release|Any CPU
		{2B24962C-7F2D-4570-BBD4-0297DC399A4C}.Release|Any CPU.Build.0 = Release|Any CPU
	EndGlobalSection
	GlobalSection(SolutionProperties) = preSolution
		HideSolutionNode = FALSE
	EndGlobalSection
	GlobalSection(ExtensibilityGlobals) = postSolution
		SolutionGuid = {0DF96182-A9E9-4924-BABD-70BF17FDAB7D}
	EndGlobalSection
EndGlobal
